
Microsoft Visual Studio Solution File, Format Version 12.00
# Visual Studio Version 17
VisualStudioVersion = 17.11.35327.3
MinimumVisualStudioVersion = 10.0.40219.1
Project("{8BC9CEB8-8B4A-11D0-8D11-00A0C91BC942}") = "Even", "Even\Even.vcxproj", "{B324462B-255D-48B8-B712-B4555AA5ED35}"
EndProject
Global
	GlobalSection(SolutionConfigurationPlatforms) = preSolution
		Debug|x64 = Debug|x64
		Debug|x86 = Debug|x86
		Release|x64 = Release|x64
		Release|x86 = Release|x86
	EndGlobalSection
	GlobalSection(ProjectConfigurationPlatforms) = postSolution
		{B324462B-255D-48B8-B712-B4555AA5ED35}.Debug|x64.ActiveCfg = Debug|x64
		{B324462B-255D-48B8-B712-B4555AA5ED35}.Debug|x64.Build.0 = Debug|x64
		{B324462B-255D-48B8-B712-B4555AA5ED35}.Debug|x86.ActiveCfg = Debug|Win32
		{B324462B-255D-48B8-B712-B4555AA5ED35}.Debug|x86.Build.0 = Debug|Win32
		{B324462B-255D-48B8-B712-B4555AA5ED35}.Release|x64.ActiveCfg = Release|x64
		{B324462B-255D-48B8-B712-B4555AA5ED35}.Release|x64.Build.0 = Release|x64
		{B324462B-255D-48B8-B712-B4555AA5ED35}.Release|x86.ActiveCfg = Release|Win32
		{B324462B-255D-48B8-B712-B4555AA5ED35}.Release|x86.Build.0 = Release|Win32
	EndGlobalSection
	GlobalSection(SolutionProperties) = preSolution
		HideSolutionNode = FALSE
	EndGlobalSection
	GlobalSection(ExtensibilityGlobals) = postSolution
		SolutionGuid = {57E87126-87CC-4288-9DC9-A0872398943C}
	EndGlobalSection
EndGlobal
